
Microsoft Visual Studio Solution File, Format Version 11.00
# Visual Basic Express 2010
Project("{F184B08F-C81C-45F6-A57F-5ABD9991F28F}") = "Remote file writting", "Remote file writting\Remote file writting.vbproj", "{5485A73D-747C-46DF-AE89-1BBB7AC6A7DF}"
EndProject
Global
	GlobalSection(SolutionConfigurationPlatforms) = preSolution
		Debug|x86 = Debug|x86
		Release|x86 = Release|x86
	EndGlobalSection
	GlobalSection(ProjectConfigurationPlatforms) = postSolution
		{5485A73D-747C-46DF-AE89-1BBB7AC6A7DF}.Debug|x86.ActiveCfg = Debug|x86
		{5485A73D-747C-46DF-AE89-1BBB7AC6A7DF}.Debug|x86.Build.0 = Debug|x86
		{5485A73D-747C-46DF-AE89-1BBB7AC6A7DF}.Release|x86.ActiveCfg = Release|x86
		{5485A73D-747C-46DF-AE89-1BBB7AC6A7DF}.Release|x86.Build.0 = Release|x86
	EndGlobalSection
	GlobalSection(SolutionProperties) = preSolution
		HideSolutionNode = FALSE
	EndGlobalSection
EndGlobal
